
Microsoft Visual Studio Solution File, Format Version 12.00
# Visual Studio Version 16
VisualStudioVersion = 16.0.30204.135
MinimumVisualStudioVersion = 10.0.40219.1
Project("{8BC9CEB8-8B4A-11D0-8D11-00A0C91BC942}") = "Foundation", "Poco\Foundation\Foundation_vs160.vcxproj", "{B01196CC-B693-4548-8464-2FF60499E73F}"
EndProject
Project("{2150E333-8FDC-42A3-9474-1A3956D46DE8}") = "Poco", "Poco", "{D29E4CAB-0FD5-4B4D-B5FC-05C0C9E0E532}"
EndProject
Project("{2150E333-8FDC-42A3-9474-1A3956D46DE8}") = "Server", "Server", "{01D0CC05-7EED-4BAE-B5AD-A6A0EFF2A9AB}"
EndProject
Project("{8BC9CEB8-8B4A-11D0-8D11-00A0C91BC942}") = "Gateway", "Server\Gateway\Gateway.vcxproj", "{2038DBAD-013F-40D8-8BFA-66A47E5799E8}"
EndProject
Project("{8BC9CEB8-8B4A-11D0-8D11-00A0C91BC942}") = "Net", "Poco\Net\Net_vs160.vcxproj", "{B057A1FE-09F7-465E-B8B5-E1B659051D76}"
EndProject
Project("{8BC9CEB8-8B4A-11D0-8D11-00A0C91BC942}") = "Util", "Poco\Util\Util_vs160.vcxproj", "{6FF56CDB-787A-4714-A28C-919003F9FA6C}"
EndProject
Project("{8BC9CEB8-8B4A-11D0-8D11-00A0C91BC942}") = "XML", "Poco\XML\XML_vs160.vcxproj", "{9E211743-85FE-4977-82F3-4F04B40C912D}"
EndProject
Project("{8BC9CEB8-8B4A-11D0-8D11-00A0C91BC942}") = "JSON", "Poco\JSON\JSON_vs160.vcxproj", "{0E7FE914-0690-3EB4-9119-93A97CC97741}"
EndProject
Project("{8BC9CEB8-8B4A-11D0-8D11-00A0C91BC942}") = "Data", "Poco\Data\Data_vs160.vcxproj", "{240E83C3-368D-11DB-9FBC-00123FC423B5}"
EndProject
Project("{8BC9CEB8-8B4A-11D0-8D11-00A0C91BC942}") = "MySQL", "Poco\Data\MySQL\MySQL_vs160.vcxproj", "{73E19FDE-1570-488C-B3DB-72A60FADD408}"
EndProject
Project("{8BC9CEB8-8B4A-11D0-8D11-00A0C91BC942}") = "CppUnit", "Poco\CppUnit\CppUnit_vs160.vcxproj", "{138BB448-808A-4FE5-A66D-78D1F8770F59}"
EndProject
Project("{2150E333-8FDC-42A3-9474-1A3956D46DE8}") = "Tool", "Tool", "{851960CC-C93E-4F8B-831F-B669A22945EF}"
EndProject
Project("{8BC9CEB8-8B4A-11D0-8D11-00A0C91BC942}") = "Client", "Tool\Client\Client.vcxproj", "{B58EBD01-47F4-4DA9-934D-542850484FCD}"
EndProject
Project("{2150E333-8FDC-42A3-9474-1A3956D46DE8}") = "Third", "Third", "{3C1B50AC-75DA-4BFC-8330-1D48D5850A4B}"
EndProject
Project("{8BC9CEB8-8B4A-11D0-8D11-00A0C91BC942}") = "Lua51", "Third\lua\Lua51.vcxproj", "{EE63FAB0-31DA-4F7E-AED2-C74A22011E54}"
EndProject
Project("{8BC9CEB8-8B4A-11D0-8D11-00A0C91BC942}") = "Toluapp", "Third\toluapp\Toluapp.vcxproj", "{681D156B-9223-45F5-BE4A-B546D324306F}"
EndProject
Project("{8BC9CEB8-8B4A-11D0-8D11-00A0C91BC942}") = "Pbc", "Third\pbc\Pbc.vcxproj", "{E446C2F0-F507-4959-ABC4-A8B76370801D}"
EndProject
Project("{2150E333-8FDC-42A3-9474-1A3956D46DE8}") = "Common", "Common", "{A3C5CE52-5382-47AB-B23B-02165BDD4150}"
EndProject
Project("{8BC9CEB8-8B4A-11D0-8D11-00A0C91BC942}") = "LuaEngine", "Common\LuaEngine\LuaEngine.vcxproj", "{F4EC34E2-B847-4A95-9F10-837256C3D393}"
EndProject
Project("{8BC9CEB8-8B4A-11D0-8D11-00A0C91BC942}") = "Hpp", "Common\Hpp\Hpp.vcxproj", "{F442AAF8-5529-489C-9612-D274D6648AB5}"
EndProject
Project("{8BC9CEB8-8B4A-11D0-8D11-00A0C91BC942}") = "Share", "Common\Share\Share.vcxproj", "{9C8439F9-AB2E-42A8-9605-F7822EB1A7E5}"
EndProject
Project("{8BC9CEB8-8B4A-11D0-8D11-00A0C91BC942}") = "Logger", "Common\Logger\Logger.vcxproj", "{CAC35F9A-8A94-4269-B718-D86F8E741132}"
EndProject
Global
	GlobalSection(SolutionConfigurationPlatforms) = preSolution
		debug_shared|x64 = debug_shared|x64
		debug_shared|x86 = debug_shared|x86
		debug_static_md|x64 = debug_static_md|x64
		debug_static_md|x86 = debug_static_md|x86
		debug_static_mt|x64 = debug_static_mt|x64
		debug_static_mt|x86 = debug_static_mt|x86
		Debug|x64 = Debug|x64
		Debug|x86 = Debug|x86
		release_shared|x64 = release_shared|x64
		release_shared|x86 = release_shared|x86
		release_static_md|x64 = release_static_md|x64
		release_static_md|x86 = release_static_md|x86
		release_static_mt|x64 = release_static_mt|x64
		release_static_mt|x86 = release_static_mt|x86
		Release|x64 = Release|x64
		Release|x86 = Release|x86
	EndGlobalSection
	GlobalSection(ProjectConfigurationPlatforms) = postSolution
		{B01196CC-B693-4548-8464-2FF60499E73F}.debug_shared|x64.ActiveCfg = debug_shared|x64
		{B01196CC-B693-4548-8464-2FF60499E73F}.debug_shared|x64.Build.0 = debug_shared|x64
		{B01196CC-B693-4548-8464-2FF60499E73F}.debug_shared|x86.ActiveCfg = debug_shared|Win32
		{B01196CC-B693-4548-8464-2FF60499E73F}.debug_shared|x86.Build.0 = debug_shared|Win32
		{B01196CC-B693-4548-8464-2FF60499E73F}.debug_static_md|x64.ActiveCfg = debug_static_md|x64
		{B01196CC-B693-4548-8464-2FF60499E73F}.debug_static_md|x64.Build.0 = debug_static_md|x64
		{B01196CC-B693-4548-8464-2FF60499E73F}.debug_static_md|x86.ActiveCfg = debug_static_md|Win32
		{B01196CC-B693-4548-8464-2FF60499E73F}.debug_static_md|x86.Build.0 = debug_static_md|Win32
		{B01196CC-B693-4548-8464-2FF60499E73F}.debug_static_mt|x64.ActiveCfg = debug_static_mt|x64
		{B01196CC-B693-4548-8464-2FF60499E73F}.debug_static_mt|x64.Build.0 = debug_static_mt|x64
		{B01196CC-B693-4548-8464-2FF60499E73F}.debug_static_mt|x86.ActiveCfg = debug_static_mt|Win32
		{B01196CC-B693-4548-8464-2FF60499E73F}.debug_static_mt|x86.Build.0 = debug_static_mt|Win32
		{B01196CC-B693-4548-8464-2FF60499E73F}.Debug|x64.ActiveCfg = debug_shared|x64
		{B01196CC-B693-4548-8464-2FF60499E73F}.Debug|x64.Build.0 = debug_shared|x64
		{B01196CC-B693-4548-8464-2FF60499E73F}.Debug|x86.ActiveCfg = debug_shared|Win32
		{B01196CC-B693-4548-8464-2FF60499E73F}.Debug|x86.Build.0 = debug_shared|Win32
		{B01196CC-B693-4548-8464-2FF60499E73F}.release_shared|x64.ActiveCfg = release_shared|x64
		{B01196CC-B693-4548-8464-2FF60499E73F}.release_shared|x64.Build.0 = release_shared|x64
		{B01196CC-B693-4548-8464-2FF60499E73F}.release_shared|x86.ActiveCfg = release_shared|Win32
		{B01196CC-B693-4548-8464-2FF60499E73F}.release_shared|x86.Build.0 = release_shared|Win32
		{B01196CC-B693-4548-8464-2FF60499E73F}.release_static_md|x64.ActiveCfg = release_static_md|x64
		{B01196CC-B693-4548-8464-2FF60499E73F}.release_static_md|x64.Build.0 = release_static_md|x64
		{B01196CC-B693-4548-8464-2FF60499E73F}.release_static_md|x86.ActiveCfg = release_static_md|Win32
		{B01196CC-B693-4548-8464-2FF60499E73F}.release_static_md|x86.Build.0 = release_static_md|Win32
		{B01196CC-B693-4548-8464-2FF60499E73F}.release_static_mt|x64.ActiveCfg = release_static_mt|x64
		{B01196CC-B693-4548-8464-2FF60499E73F}.release_static_mt|x64.Build.0 = release_static_mt|x64
		{B01196CC-B693-4548-8464-2FF60499E73F}.release_static_mt|x86.ActiveCfg = release_static_mt|Win32
		{B01196CC-B693-4548-8464-2FF60499E73F}.release_static_mt|x86.Build.0 = release_static_mt|Win32
		{B01196CC-B693-4548-8464-2FF60499E73F}.Release|x64.ActiveCfg = release_shared|x64
		{B01196CC-B693-4548-8464-2FF60499E73F}.Release|x64.Build.0 = release_shared|x64
		{B01196CC-B693-4548-8464-2FF60499E73F}.Release|x86.ActiveCfg = release_shared|Win32
		{B01196CC-B693-4548-8464-2FF60499E73F}.Release|x86.Build.0 = release_shared|Win32
		{2038DBAD-013F-40D8-8BFA-66A47E5799E8}.debug_shared|x64.ActiveCfg = debug_shared|x64
		{2038DBAD-013F-40D8-8BFA-66A47E5799E8}.debug_shared|x64.Build.0 = debug_shared|x64
		{2038DBAD-013F-40D8-8BFA-66A47E5799E8}.debug_shared|x86.ActiveCfg = debug_shared|Win32
		{2038DBAD-013F-40D8-8BFA-66A47E5799E8}.debug_shared|x86.Build.0 = debug_shared|Win32
		{2038DBAD-013F-40D8-8BFA-66A47E5799E8}.debug_static_md|x64.ActiveCfg = debug_shared|x64
		{2038DBAD-013F-40D8-8BFA-66A47E5799E8}.debug_static_md|x64.Build.0 = debug_shared|x64
		{2038DBAD-013F-40D8-8BFA-66A47E5799E8}.debug_static_md|x86.ActiveCfg = debug_shared|Win32
		{2038DBAD-013F-40D8-8BFA-66A47E5799E8}.debug_static_md|x86.Build.0 = debug_shared|Win32
		{2038DBAD-013F-40D8-8BFA-66A47E5799E8}.debug_static_mt|x64.ActiveCfg = debug_shared|x64
		{2038DBAD-013F-40D8-8BFA-66A47E5799E8}.debug_static_mt|x64.Build.0 = debug_shared|x64
		{2038DBAD-013F-40D8-8BFA-66A47E5799E8}.debug_static_mt|x86.ActiveCfg = debug_shared|Win32
		{2038DBAD-013F-40D8-8BFA-66A47E5799E8}.debug_static_mt|x86.Build.0 = debug_shared|Win32
		{2038DBAD-013F-40D8-8BFA-66A47E5799E8}.Debug|x64.ActiveCfg = debug_shared|x64
		{2038DBAD-013F-40D8-8BFA-66A47E5799E8}.Debug|x64.Build.0 = debug_shared|x64
		{2038DBAD-013F-40D8-8BFA-66A47E5799E8}.Debug|x86.ActiveCfg = debug_shared|Win32
		{2038DBAD-013F-40D8-8BFA-66A47E5799E8}.Debug|x86.Build.0 = debug_shared|Win32
		{2038DBAD-013F-40D8-8BFA-66A47E5799E8}.release_shared|x64.ActiveCfg = Release|x64
		{2038DBAD-013F-40D8-8BFA-66A47E5799E8}.release_shared|x64.Build.0 = Release|x64
		{2038DBAD-013F-40D8-8BFA-66A47E5799E8}.release_shared|x86.ActiveCfg = Release|Win32
		{2038DBAD-013F-40D8-8BFA-66A47E5799E8}.release_shared|x86.Build.0 = Release|Win32
		{2038DBAD-013F-40D8-8BFA-66A47E5799E8}.release_static_md|x64.ActiveCfg = Release|x64
		{2038DBAD-013F-40D8-8BFA-66A47E5799E8}.release_static_md|x64.Build.0 = Release|x64
		{2038DBAD-013F-40D8-8BFA-66A47E5799E8}.release_static_md|x86.ActiveCfg = Release|Win32
		{2038DBAD-013F-40D8-8BFA-66A47E5799E8}.release_static_md|x86.Build.0 = Release|Win32
		{2038DBAD-013F-40D8-8BFA-66A47E5799E8}.release_static_mt|x64.ActiveCfg = Release|x64
		{2038DBAD-013F-40D8-8BFA-66A47E5799E8}.release_static_mt|x64.Build.0 = Release|x64
		{2038DBAD-013F-40D8-8BFA-66A47E5799E8}.release_static_mt|x86.ActiveCfg = Release|Win32
		{2038DBAD-013F-40D8-8BFA-66A47E5799E8}.release_static_mt|x86.Build.0 = Release|Win32
		{2038DBAD-013F-40D8-8BFA-66A47E5799E8}.Release|x64.ActiveCfg = Release|x64
		{2038DBAD-013F-40D8-8BFA-66A47E5799E8}.Release|x64.Build.0 = Release|x64
		{2038DBAD-013F-40D8-8BFA-66A47E5799E8}.Release|x86.ActiveCfg = Release|Win32
		{2038DBAD-013F-40D8-8BFA-66A47E5799E8}.Release|x86.Build.0 = Release|Win32
		{B057A1FE-09F7-465E-B8B5-E1B659051D76}.debug_shared|x64.ActiveCfg = debug_shared|x64
		{B057A1FE-09F7-465E-B8B5-E1B659051D76}.debug_shared|x64.Build.0 = debug_shared|x64
		{B057A1FE-09F7-465E-B8B5-E1B659051D76}.debug_shared|x86.ActiveCfg = debug_shared|Win32
		{B057A1FE-09F7-465E-B8B5-E1B659051D76}.debug_shared|x86.Build.0 = debug_shared|Win32
		{B057A1FE-09F7-465E-B8B5-E1B659051D76}.debug_static_md|x64.ActiveCfg = debug_static_md|x64
		{B057A1FE-09F7-465E-B8B5-E1B659051D76}.debug_static_md|x64.Build.0 = debug_static_md|x64
		{B057A1FE-09F7-465E-B8B5-E1B659051D76}.debug_static_md|x86.ActiveCfg = debug_static_md|Win32
		{B057A1FE-09F7-465E-B8B5-E1B659051D76}.debug_static_md|x86.Build.0 = debug_static_md|Win32
		{B057A1FE-09F7-465E-B8B5-E1B659051D76}.debug_static_mt|x64.ActiveCfg = debug_static_mt|x64
		{B057A1FE-09F7-465E-B8B5-E1B659051D76}.debug_static_mt|x64.Build.0 = debug_static_mt|x64
		{B057A1FE-09F7-465E-B8B5-E1B659051D76}.debug_static_mt|x86.ActiveCfg = debug_static_mt|Win32
		{B057A1FE-09F7-465E-B8B5-E1B659051D76}.debug_static_mt|x86.Build.0 = debug_static_mt|Win32
		{B057A1FE-09F7-465E-B8B5-E1B659051D76}.Debug|x64.ActiveCfg = debug_shared|x64
		{B057A1FE-09F7-465E-B8B5-E1B659051D76}.Debug|x64.Build.0 = debug_shared|x64
		{B057A1FE-09F7-465E-B8B5-E1B659051D76}.Debug|x86.ActiveCfg = debug_shared|Win32
		{B057A1FE-09F7-465E-B8B5-E1B659051D76}.Debug|x86.Build.0 = debug_shared|Win32
		{B057A1FE-09F7-465E-B8B5-E1B659051D76}.release_shared|x64.ActiveCfg = release_shared|x64
		{B057A1FE-09F7-465E-B8B5-E1B659051D76}.release_shared|x64.Build.0 = release_shared|x64
		{B057A1FE-09F7-465E-B8B5-E1B659051D76}.release_shared|x86.ActiveCfg = release_shared|Win32
		{B057A1FE-09F7-465E-B8B5-E1B659051D76}.release_shared|x86.Build.0 = release_shared|Win32
		{B057A1FE-09F7-465E-B8B5-E1B659051D76}.release_static_md|x64.ActiveCfg = release_static_md|x64
		{B057A1FE-09F7-465E-B8B5-E1B659051D76}.release_static_md|x64.Build.0 = release_static_md|x64
		{B057A1FE-09F7-465E-B8B5-E1B659051D76}.release_static_md|x86.ActiveCfg = release_static_md|Win32
		{B057A1FE-09F7-465E-B8B5-E1B659051D76}.release_static_md|x86.Build.0 = release_static_md|Win32
		{B057A1FE-09F7-465E-B8B5-E1B659051D76}.release_static_mt|x64.ActiveCfg = release_static_mt|x64
		{B057A1FE-09F7-465E-B8B5-E1B659051D76}.release_static_mt|x64.Build.0 = release_static_mt|x64
		{B057A1FE-09F7-465E-B8B5-E1B659051D76}.release_static_mt|x86.ActiveCfg = release_static_mt|Win32
		{B057A1FE-09F7-465E-B8B5-E1B659051D76}.release_static_mt|x86.Build.0 = release_static_mt|Win32
		{B057A1FE-09F7-465E-B8B5-E1B659051D76}.Release|x64.ActiveCfg = release_shared|x64
		{B057A1FE-09F7-465E-B8B5-E1B659051D76}.Release|x64.Build.0 = release_shared|x64
		{B057A1FE-09F7-465E-B8B5-E1B659051D76}.Release|x86.ActiveCfg = release_shared|Win32
		{B057A1FE-09F7-465E-B8B5-E1B659051D76}.Release|x86.Build.0 = release_shared|Win32
		{6FF56CDB-787A-4714-A28C-919003F9FA6C}.debug_shared|x64.ActiveCfg = debug_shared|x64
		{6FF56CDB-787A-4714-A28C-919003F9FA6C}.debug_shared|x64.Build.0 = debug_shared|x64
		{6FF56CDB-787A-4714-A28C-919003F9FA6C}.debug_shared|x86.ActiveCfg = debug_shared|Win32
		{6FF56CDB-787A-4714-A28C-919003F9FA6C}.debug_shared|x86.Build.0 = debug_shared|Win32
		{6FF56CDB-787A-4714-A28C-919003F9FA6C}.debug_static_md|x64.ActiveCfg = debug_static_md|x64
		{6FF56CDB-787A-4714-A28C-919003F9FA6C}.debug_static_md|x64.Build.0 = debug_static_md|x64
		{6FF56CDB-787A-4714-A28C-919003F9FA6C}.debug_static_md|x86.ActiveCfg = debug_static_md|Win32
		{6FF56CDB-787A-4714-A28C-919003F9FA6C}.debug_static_md|x86.Build.0 = debug_static_md|Win32
		{6FF56CDB-787A-4714-A28C-919003F9FA6C}.debug_static_mt|x64.ActiveCfg = debug_static_mt|x64
		{6FF56CDB-787A-4714-A28C-919003F9FA6C}.debug_static_mt|x64.Build.0 = debug_static_mt|x64
		{6FF56CDB-787A-4714-A28C-919003F9FA6C}.debug_static_mt|x86.ActiveCfg = debug_static_mt|Win32
		{6FF56CDB-787A-4714-A28C-919003F9FA6C}.debug_static_mt|x86.Build.0 = debug_static_mt|Win32
		{6FF56CDB-787A-4714-A28C-919003F9FA6C}.Debug|x64.ActiveCfg = debug_shared|x64
		{6FF56CDB-787A-4714-A28C-919003F9FA6C}.Debug|x64.Build.0 = debug_shared|x64
		{6FF56CDB-787A-4714-A28C-919003F9FA6C}.Debug|x86.ActiveCfg = debug_shared|Win32
		{6FF56CDB-787A-4714-A28C-919003F9FA6C}.Debug|x86.Build.0 = debug_shared|Win32
		{6FF56CDB-787A-4714-A28C-919003F9FA6C}.release_shared|x64.ActiveCfg = release_shared|x64
		{6FF56CDB-787A-4714-A28C-919003F9FA6C}.release_shared|x64.Build.0 = release_shared|x64
		{6FF56CDB-787A-4714-A28C-919003F9FA6C}.release_shared|x86.ActiveCfg = release_shared|Win32
		{6FF56CDB-787A-4714-A28C-919003F9FA6C}.release_shared|x86.Build.0 = release_shared|Win32
		{6FF56CDB-787A-4714-A28C-919003F9FA6C}.release_static_md|x64.ActiveCfg = release_static_md|x64
		{6FF56CDB-787A-4714-A28C-919003F9FA6C}.release_static_md|x64.Build.0 = release_static_md|x64
		{6FF56CDB-787A-4714-A28C-919003F9FA6C}.release_static_md|x86.ActiveCfg = release_static_md|Win32
		{6FF56CDB-787A-4714-A28C-919003F9FA6C}.release_static_md|x86.Build.0 = release_static_md|Win32
		{6FF56CDB-787A-4714-A28C-919003F9FA6C}.release_static_mt|x64.ActiveCfg = release_static_mt|x64
		{6FF56CDB-787A-4714-A28C-919003F9FA6C}.release_static_mt|x64.Build.0 = release_static_mt|x64
		{6FF56CDB-787A-4714-A28C-919003F9FA6C}.release_static_mt|x86.ActiveCfg = release_static_mt|Win32
		{6FF56CDB-787A-4714-A28C-919003F9FA6C}.release_static_mt|x86.Build.0 = release_static_mt|Win32
		{6FF56CDB-787A-4714-A28C-919003F9FA6C}.Release|x64.ActiveCfg = release_shared|x64
		{6FF56CDB-787A-4714-A28C-919003F9FA6C}.Release|x64.Build.0 = release_shared|x64
		{6FF56CDB-787A-4714-A28C-919003F9FA6C}.Release|x86.ActiveCfg = release_shared|Win32
		{6FF56CDB-787A-4714-A28C-919003F9FA6C}.Release|x86.Build.0 = release_shared|Win32
		{9E211743-85FE-4977-82F3-4F04B40C912D}.debug_shared|x64.ActiveCfg = debug_shared|x64
		{9E211743-85FE-4977-82F3-4F04B40C912D}.debug_shared|x64.Build.0 = debug_shared|x64
		{9E211743-85FE-4977-82F3-4F04B40C912D}.debug_shared|x86.ActiveCfg = debug_shared|Win32
		{9E211743-85FE-4977-82F3-4F04B40C912D}.debug_shared|x86.Build.0 = debug_shared|Win32
		{9E211743-85FE-4977-82F3-4F04B40C912D}.debug_static_md|x64.ActiveCfg = debug_static_md|x64
		{9E211743-85FE-4977-82F3-4F04B40C912D}.debug_static_md|x64.Build.0 = debug_static_md|x64
		{9E211743-85FE-4977-82F3-4F04B40C912D}.debug_static_md|x86.ActiveCfg = debug_static_md|Win32
		{9E211743-85FE-4977-82F3-4F04B40C912D}.debug_static_md|x86.Build.0 = debug_static_md|Win32
		{9E211743-85FE-4977-82F3-4F04B40C912D}.debug_static_mt|x64.ActiveCfg = debug_static_mt|x64
		{9E211743-85FE-4977-82F3-4F04B40C912D}.debug_static_mt|x64.Build.0 = debug_static_mt|x64
		{9E211743-85FE-4977-82F3-4F04B40C912D}.debug_static_mt|x86.ActiveCfg = debug_static_mt|Win32
		{9E211743-85FE-4977-82F3-4F04B40C912D}.debug_static_mt|x86.Build.0 = debug_static_mt|Win32
		{9E211743-85FE-4977-82F3-4F04B40C912D}.Debug|x64.ActiveCfg = debug_shared|x64
		{9E211743-85FE-4977-82F3-4F04B40C912D}.Debug|x64.Build.0 = debug_shared|x64
		{9E211743-85FE-4977-82F3-4F04B40C912D}.Debug|x86.ActiveCfg = debug_shared|Win32
		{9E211743-85FE-4977-82F3-4F04B40C912D}.Debug|x86.Build.0 = debug_shared|Win32
		{9E211743-85FE-4977-82F3-4F04B40C912D}.release_shared|x64.ActiveCfg = release_shared|x64
		{9E211743-85FE-4977-82F3-4F04B40C912D}.release_shared|x64.Build.0 = release_shared|x64
		{9E211743-85FE-4977-82F3-4F04B40C912D}.release_shared|x86.ActiveCfg = release_shared|Win32
		{9E211743-85FE-4977-82F3-4F04B40C912D}.release_shared|x86.Build.0 = release_shared|Win32
		{9E211743-85FE-4977-82F3-4F04B40C912D}.release_static_md|x64.ActiveCfg = release_static_md|x64
		{9E211743-85FE-4977-82F3-4F04B40C912D}.release_static_md|x64.Build.0 = release_static_md|x64
		{9E211743-85FE-4977-82F3-4F04B40C912D}.release_static_md|x86.ActiveCfg = release_static_md|Win32
		{9E211743-85FE-4977-82F3-4F04B40C912D}.release_static_md|x86.Build.0 = release_static_md|Win32
		{9E211743-85FE-4977-82F3-4F04B40C912D}.release_static_mt|x64.ActiveCfg = release_static_mt|x64
		{9E211743-85FE-4977-82F3-4F04B40C912D}.release_static_mt|x64.Build.0 = release_static_mt|x64
		{9E211743-85FE-4977-82F3-4F04B40C912D}.release_static_mt|x86.ActiveCfg = release_static_mt|Win32
		{9E211743-85FE-4977-82F3-4F04B40C912D}.release_static_mt|x86.Build.0 = release_static_mt|Win32
		{9E211743-85FE-4977-82F3-4F04B40C912D}.Release|x64.ActiveCfg = release_shared|x64
		{9E211743-85FE-4977-82F3-4F04B40C912D}.Release|x64.Build.0 = release_shared|x64
		{9E211743-85FE-4977-82F3-4F04B40C912D}.Release|x86.ActiveCfg = release_shared|Win32
		{9E211743-85FE-4977-82F3-4F04B40C912D}.Release|x86.Build.0 = release_shared|Win32
		{0E7FE914-0690-3EB4-9119-93A97CC97741}.debug_shared|x64.ActiveCfg = debug_shared|x64
		{0E7FE914-0690-3EB4-9119-93A97CC97741}.debug_shared|x64.Build.0 = debug_shared|x64
		{0E7FE914-0690-3EB4-9119-93A97CC97741}.debug_shared|x86.ActiveCfg = debug_shared|Win32
		{0E7FE914-0690-3EB4-9119-93A97CC97741}.debug_shared|x86.Build.0 = debug_shared|Win32
		{0E7FE914-0690-3EB4-9119-93A97CC97741}.debug_static_md|x64.ActiveCfg = debug_static_md|x64
		{0E7FE914-0690-3EB4-9119-93A97CC97741}.debug_static_md|x64.Build.0 = debug_static_md|x64
		{0E7FE914-0690-3EB4-9119-93A97CC97741}.debug_static_md|x86.ActiveCfg = debug_static_md|Win32
		{0E7FE914-0690-3EB4-9119-93A97CC97741}.debug_static_md|x86.Build.0 = debug_static_md|Win32
		{0E7FE914-0690-3EB4-9119-93A97CC97741}.debug_static_mt|x64.ActiveCfg = debug_static_mt|x64
		{0E7FE914-0690-3EB4-9119-93A97CC97741}.debug_static_mt|x64.Build.0 = debug_static_mt|x64
		{0E7FE914-0690-3EB4-9119-93A97CC97741}.debug_static_mt|x86.ActiveCfg = debug_static_mt|Win32
		{0E7FE914-0690-3EB4-9119-93A97CC97741}.debug_static_mt|x86.Build.0 = debug_static_mt|Win32
		{0E7FE914-0690-3EB4-9119-93A97CC97741}.Debug|x64.ActiveCfg = debug_shared|x64
		{0E7FE914-0690-3EB4-9119-93A97CC97741}.Debug|x64.Build.0 = debug_shared|x64
		{0E7FE914-0690-3EB4-9119-93A97CC97741}.Debug|x86.ActiveCfg = debug_shared|Win32
		{0E7FE914-0690-3EB4-9119-93A97CC97741}.Debug|x86.Build.0 = debug_shared|Win32
		{0E7FE914-0690-3EB4-9119-93A97CC97741}.release_shared|x64.ActiveCfg = release_shared|x64
		{0E7FE914-0690-3EB4-9119-93A97CC97741}.release_shared|x64.Build.0 = release_shared|x64
		{0E7FE914-0690-3EB4-9119-93A97CC97741}.release_shared|x86.ActiveCfg = release_shared|Win32
		{0E7FE914-0690-3EB4-9119-93A97CC97741}.release_shared|x86.Build.0 = release_shared|Win32
		{0E7FE914-0690-3EB4-9119-93A97CC97741}.release_static_md|x64.ActiveCfg = release_static_md|x64
		{0E7FE914-0690-3EB4-9119-93A97CC97741}.release_static_md|x64.Build.0 = release_static_md|x64
		{0E7FE914-0690-3EB4-9119-93A97CC97741}.release_static_md|x86.ActiveCfg = release_static_md|Win32
		{0E7FE914-0690-3EB4-9119-93A97CC97741}.release_static_md|x86.Build.0 = release_static_md|Win32
		{0E7FE914-0690-3EB4-9119-93A97CC97741}.release_static_mt|x64.ActiveCfg = release_static_mt|x64
		{0E7FE914-0690-3EB4-9119-93A97CC97741}.release_static_mt|x64.Build.0 = release_static_mt|x64
		{0E7FE914-0690-3EB4-9119-93A97CC97741}.release_static_mt|x86.ActiveCfg = release_static_mt|Win32
		{0E7FE914-0690-3EB4-9119-93A97CC97741}.release_static_mt|x86.Build.0 = release_static_mt|Win32
		{0E7FE914-0690-3EB4-9119-93A97CC97741}.Release|x64.ActiveCfg = release_shared|x64
		{0E7FE914-0690-3EB4-9119-93A97CC97741}.Release|x64.Build.0 = release_shared|x64
		{0E7FE914-0690-3EB4-9119-93A97CC97741}.Release|x86.ActiveCfg = release_shared|Win32
		{0E7FE914-0690-3EB4-9119-93A97CC97741}.Release|x86.Build.0 = release_shared|Win32
		{240E83C3-368D-11DB-9FBC-00123FC423B5}.debug_shared|x64.ActiveCfg = debug_shared|x64
		{240E83C3-368D-11DB-9FBC-00123FC423B5}.debug_shared|x64.Build.0 = debug_shared|x64
		{240E83C3-368D-11DB-9FBC-00123FC423B5}.debug_shared|x86.ActiveCfg = debug_shared|Win32
		{240E83C3-368D-11DB-9FBC-00123FC423B5}.debug_shared|x86.Build.0 = debug_shared|Win32
		{240E83C3-368D-11DB-9FBC-00123FC423B5}.debug_static_md|x64.ActiveCfg = debug_static_md|x64
		{240E83C3-368D-11DB-9FBC-00123FC423B5}.debug_static_md|x64.Build.0 = debug_static_md|x64
		{240E83C3-368D-11DB-9FBC-00123FC423B5}.debug_static_md|x86.ActiveCfg = debug_static_md|Win32
		{240E83C3-368D-11DB-9FBC-00123FC423B5}.debug_static_md|x86.Build.0 = debug_static_md|Win32
		{240E83C3-368D-11DB-9FBC-00123FC423B5}.debug_static_mt|x64.ActiveCfg = debug_static_mt|x64
		{240E83C3-368D-11DB-9FBC-00123FC423B5}.debug_static_mt|x64.Build.0 = debug_static_mt|x64
		{240E83C3-368D-11DB-9FBC-00123FC423B5}.debug_static_mt|x86.ActiveCfg = debug_static_mt|Win32
		{240E83C3-368D-11DB-9FBC-00123FC423B5}.debug_static_mt|x86.Build.0 = debug_static_mt|Win32
		{240E83C3-368D-11DB-9FBC-00123FC423B5}.Debug|x64.ActiveCfg = debug_shared|x64
		{240E83C3-368D-11DB-9FBC-00123FC423B5}.Debug|x64.Build.0 = debug_shared|x64
		{240E83C3-368D-11DB-9FBC-00123FC423B5}.Debug|x86.ActiveCfg = debug_shared|Win32
		{240E83C3-368D-11DB-9FBC-00123FC423B5}.Debug|x86.Build.0 = debug_shared|Win32
		{240E83C3-368D-11DB-9FBC-00123FC423B5}.release_shared|x64.ActiveCfg = release_shared|x64
		{240E83C3-368D-11DB-9FBC-00123FC423B5}.release_shared|x64.Build.0 = release_shared|x64
		{240E83C3-368D-11DB-9FBC-00123FC423B5}.release_shared|x86.ActiveCfg = release_shared|Win32
		{240E83C3-368D-11DB-9FBC-00123FC423B5}.release_shared|x86.Build.0 = release_shared|Win32
		{240E83C3-368D-11DB-9FBC-00123FC423B5}.release_static_md|x64.ActiveCfg = release_static_md|x64
		{240E83C3-368D-11DB-9FBC-00123FC423B5}.release_static_md|x64.Build.0 = release_static_md|x64
		{240E83C3-368D-11DB-9FBC-00123FC423B5}.release_static_md|x86.ActiveCfg = release_static_md|Win32
		{240E83C3-368D-11DB-9FBC-00123FC423B5}.release_static_md|x86.Build.0 = release_static_md|Win32
		{240E83C3-368D-11DB-9FBC-00123FC423B5}.release_static_mt|x64.ActiveCfg = release_static_mt|x64
		{240E83C3-368D-11DB-9FBC-00123FC423B5}.release_static_mt|x64.Build.0 = release_static_mt|x64
		{240E83C3-368D-11DB-9FBC-00123FC423B5}.release_static_mt|x86.ActiveCfg = release_static_mt|Win32
		{240E83C3-368D-11DB-9FBC-00123FC423B5}.release_static_mt|x86.Build.0 = release_static_mt|Win32
		{240E83C3-368D-11DB-9FBC-00123FC423B5}.Release|x64.ActiveCfg = release_shared|x64
		{240E83C3-368D-11DB-9FBC-00123FC423B5}.Release|x64.Build.0 = release_shared|x64
		{240E83C3-368D-11DB-9FBC-00123FC423B5}.Release|x86.ActiveCfg = release_shared|Win32
		{240E83C3-368D-11DB-9FBC-00123FC423B5}.Release|x86.Build.0 = release_shared|Win32
		{73E19FDE-1570-488C-B3DB-72A60FADD408}.debug_shared|x64.ActiveCfg = debug_shared|x64
		{73E19FDE-1570-488C-B3DB-72A60FADD408}.debug_shared|x64.Build.0 = debug_shared|x64
		{73E19FDE-1570-488C-B3DB-72A60FADD408}.debug_shared|x86.ActiveCfg = debug_shared|Win32
		{73E19FDE-1570-488C-B3DB-72A60FADD408}.debug_shared|x86.Build.0 = debug_shared|Win32
		{73E19FDE-1570-488C-B3DB-72A60FADD408}.debug_static_md|x64.ActiveCfg = debug_static_md|x64
		{73E19FDE-1570-488C-B3DB-72A60FADD408}.debug_static_md|x64.Build.0 = debug_static_md|x64
		{73E19FDE-1570-488C-B3DB-72A60FADD408}.debug_static_md|x86.ActiveCfg = debug_static_md|Win32
		{73E19FDE-1570-488C-B3DB-72A60FADD408}.debug_static_md|x86.Build.0 = debug_static_md|Win32
		{73E19FDE-1570-488C-B3DB-72A60FADD408}.debug_static_mt|x64.ActiveCfg = debug_static_mt|x64
		{73E19FDE-1570-488C-B3DB-72A60FADD408}.debug_static_mt|x64.Build.0 = debug_static_mt|x64
		{73E19FDE-1570-488C-B3DB-72A60FADD408}.debug_static_mt|x86.ActiveCfg = debug_static_mt|Win32
		{73E19FDE-1570-488C-B3DB-72A60FADD408}.debug_static_mt|x86.Build.0 = debug_static_mt|Win32
		{73E19FDE-1570-488C-B3DB-72A60FADD408}.Debug|x64.ActiveCfg = debug_shared|x64
		{73E19FDE-1570-488C-B3DB-72A60FADD408}.Debug|x64.Build.0 = debug_shared|x64
		{73E19FDE-1570-488C-B3DB-72A60FADD408}.Debug|x86.ActiveCfg = debug_shared|Win32
		{73E19FDE-1570-488C-B3DB-72A60FADD408}.Debug|x86.Build.0 = debug_shared|Win32
		{73E19FDE-1570-488C-B3DB-72A60FADD408}.release_shared|x64.ActiveCfg = release_shared|x64
		{73E19FDE-1570-488C-B3DB-72A60FADD408}.release_shared|x64.Build.0 = release_shared|x64
		{73E19FDE-1570-488C-B3DB-72A60FADD408}.release_shared|x86.ActiveCfg = release_shared|Win32
		{73E19FDE-1570-488C-B3DB-72A60FADD408}.release_shared|x86.Build.0 = release_shared|Win32
		{73E19FDE-1570-488C-B3DB-72A60FADD408}.release_static_md|x64.ActiveCfg = release_static_md|x64
		{73E19FDE-1570-488C-B3DB-72A60FADD408}.release_static_md|x64.Build.0 = release_static_md|x64
		{73E19FDE-1570-488C-B3DB-72A60FADD408}.release_static_md|x86.ActiveCfg = release_static_md|Win32
		{73E19FDE-1570-488C-B3DB-72A60FADD408}.release_static_md|x86.Build.0 = release_static_md|Win32
		{73E19FDE-1570-488C-B3DB-72A60FADD408}.release_static_mt|x64.ActiveCfg = release_static_mt|x64
		{73E19FDE-1570-488C-B3DB-72A60FADD408}.release_static_mt|x64.Build.0 = release_static_mt|x64
		{73E19FDE-1570-488C-B3DB-72A60FADD408}.release_static_mt|x86.ActiveCfg = release_static_mt|Win32
		{73E19FDE-1570-488C-B3DB-72A60FADD408}.release_static_mt|x86.Build.0 = release_static_mt|Win32
		{73E19FDE-1570-488C-B3DB-72A60FADD408}.Release|x64.ActiveCfg = release_shared|x64
		{73E19FDE-1570-488C-B3DB-72A60FADD408}.Release|x64.Build.0 = release_shared|x64
		{73E19FDE-1570-488C-B3DB-72A60FADD408}.Release|x86.ActiveCfg = release_shared|Win32
		{73E19FDE-1570-488C-B3DB-72A60FADD408}.Release|x86.Build.0 = release_shared|Win32
		{138BB448-808A-4FE5-A66D-78D1F8770F59}.debug_shared|x64.ActiveCfg = debug_shared|x64
		{138BB448-808A-4FE5-A66D-78D1F8770F59}.debug_shared|x64.Build.0 = debug_shared|x64
		{138BB448-808A-4FE5-A66D-78D1F8770F59}.debug_shared|x86.ActiveCfg = debug_shared|Win32
		{138BB448-808A-4FE5-A66D-78D1F8770F59}.debug_shared|x86.Build.0 = debug_shared|Win32
		{138BB448-808A-4FE5-A66D-78D1F8770F59}.debug_static_md|x64.ActiveCfg = debug_static_md|x64
		{138BB448-808A-4FE5-A66D-78D1F8770F59}.debug_static_md|x64.Build.0 = debug_static_md|x64
		{138BB448-808A-4FE5-A66D-78D1F8770F59}.debug_static_md|x86.ActiveCfg = debug_static_md|Win32
		{138BB448-808A-4FE5-A66D-78D1F8770F59}.debug_static_md|x86.Build.0 = debug_static_md|Win32
		{138BB448-808A-4FE5-A66D-78D1F8770F59}.debug_static_mt|x64.ActiveCfg = debug_static_mt|x64
		{138BB448-808A-4FE5-A66D-78D1F8770F59}.debug_static_mt|x64.Build.0 = debug_static_mt|x64
		{138BB448-808A-4FE5-A66D-78D1F8770F59}.debug_static_mt|x86.ActiveCfg = debug_static_mt|Win32
		{138BB448-808A-4FE5-A66D-78D1F8770F59}.debug_static_mt|x86.Build.0 = debug_static_mt|Win32
		{138BB448-808A-4FE5-A66D-78D1F8770F59}.Debug|x64.ActiveCfg = debug_shared|x64
		{138BB448-808A-4FE5-A66D-78D1F8770F59}.Debug|x64.Build.0 = debug_shared|x64
		{138BB448-808A-4FE5-A66D-78D1F8770F59}.Debug|x86.ActiveCfg = debug_shared|Win32
		{138BB448-808A-4FE5-A66D-78D1F8770F59}.Debug|x86.Build.0 = debug_shared|Win32
		{138BB448-808A-4FE5-A66D-78D1F8770F59}.release_shared|x64.ActiveCfg = release_shared|x64
		{138BB448-808A-4FE5-A66D-78D1F8770F59}.release_shared|x64.Build.0 = release_shared|x64
		{138BB448-808A-4FE5-A66D-78D1F8770F59}.release_shared|x86.ActiveCfg = release_shared|Win32
		{138BB448-808A-4FE5-A66D-78D1F8770F59}.release_shared|x86.Build.0 = release_shared|Win32
		{138BB448-808A-4FE5-A66D-78D1F8770F59}.release_static_md|x64.ActiveCfg = release_static_md|x64
		{138BB448-808A-4FE5-A66D-78D1F8770F59}.release_static_md|x64.Build.0 = release_static_md|x64
		{138BB448-808A-4FE5-A66D-78D1F8770F59}.release_static_md|x86.ActiveCfg = release_static_md|Win32
		{138BB448-808A-4FE5-A66D-78D1F8770F59}.release_static_md|x86.Build.0 = release_static_md|Win32
		{138BB448-808A-4FE5-A66D-78D1F8770F59}.release_static_mt|x64.ActiveCfg = release_static_mt|x64
		{138BB448-808A-4FE5-A66D-78D1F8770F59}.release_static_mt|x64.Build.0 = release_static_mt|x64
		{138BB448-808A-4FE5-A66D-78D1F8770F59}.release_static_mt|x86.ActiveCfg = release_static_mt|Win32
		{138BB448-808A-4FE5-A66D-78D1F8770F59}.release_static_mt|x86.Build.0 = release_static_mt|Win32
		{138BB448-808A-4FE5-A66D-78D1F8770F59}.Release|x64.ActiveCfg = release_shared|x64
		{138BB448-808A-4FE5-A66D-78D1F8770F59}.Release|x64.Build.0 = release_shared|x64
		{138BB448-808A-4FE5-A66D-78D1F8770F59}.Release|x86.ActiveCfg = release_shared|Win32
		{138BB448-808A-4FE5-A66D-78D1F8770F59}.Release|x86.Build.0 = release_shared|Win32
		{B58EBD01-47F4-4DA9-934D-542850484FCD}.debug_shared|x64.ActiveCfg = debug_shared|x64
		{B58EBD01-47F4-4DA9-934D-542850484FCD}.debug_shared|x64.Build.0 = debug_shared|x64
		{B58EBD01-47F4-4DA9-934D-542850484FCD}.debug_shared|x86.ActiveCfg = debug_shared|Win32
		{B58EBD01-47F4-4DA9-934D-542850484FCD}.debug_shared|x86.Build.0 = debug_shared|Win32
		{B58EBD01-47F4-4DA9-934D-542850484FCD}.debug_static_md|x64.ActiveCfg = debug_shared|x64
		{B58EBD01-47F4-4DA9-934D-542850484FCD}.debug_static_md|x64.Build.0 = debug_shared|x64
		{B58EBD01-47F4-4DA9-934D-542850484FCD}.debug_static_md|x86.ActiveCfg = debug_shared|Win32
		{B58EBD01-47F4-4DA9-934D-542850484FCD}.debug_static_md|x86.Build.0 = debug_shared|Win32
		{B58EBD01-47F4-4DA9-934D-542850484FCD}.debug_static_mt|x64.ActiveCfg = debug_shared|x64
		{B58EBD01-47F4-4DA9-934D-542850484FCD}.debug_static_mt|x64.Build.0 = debug_shared|x64
		{B58EBD01-47F4-4DA9-934D-542850484FCD}.debug_static_mt|x86.ActiveCfg = debug_shared|Win32
		{B58EBD01-47F4-4DA9-934D-542850484FCD}.debug_static_mt|x86.Build.0 = debug_shared|Win32
		{B58EBD01-47F4-4DA9-934D-542850484FCD}.Debug|x64.ActiveCfg = debug_shared|x64
		{B58EBD01-47F4-4DA9-934D-542850484FCD}.Debug|x64.Build.0 = debug_shared|x64
		{B58EBD01-47F4-4DA9-934D-542850484FCD}.Debug|x86.ActiveCfg = debug_shared|Win32
		{B58EBD01-47F4-4DA9-934D-542850484FCD}.Debug|x86.Build.0 = debug_shared|Win32
		{B58EBD01-47F4-4DA9-934D-542850484FCD}.release_shared|x64.ActiveCfg = Release|x64
		{B58EBD01-47F4-4DA9-934D-542850484FCD}.release_shared|x64.Build.0 = Release|x64
		{B58EBD01-47F4-4DA9-934D-542850484FCD}.release_shared|x86.ActiveCfg = Release|Win32
		{B58EBD01-47F4-4DA9-934D-542850484FCD}.release_shared|x86.Build.0 = Release|Win32
		{B58EBD01-47F4-4DA9-934D-542850484FCD}.release_static_md|x64.ActiveCfg = Release|x64
		{B58EBD01-47F4-4DA9-934D-542850484FCD}.release_static_md|x64.Build.0 = Release|x64
		{B58EBD01-47F4-4DA9-934D-542850484FCD}.release_static_md|x86.ActiveCfg = Release|Win32
		{B58EBD01-47F4-4DA9-934D-542850484FCD}.release_static_md|x86.Build.0 = Release|Win32
		{B58EBD01-47F4-4DA9-934D-542850484FCD}.release_static_mt|x64.ActiveCfg = Release|x64
		{B58EBD01-47F4-4DA9-934D-542850484FCD}.release_static_mt|x64.Build.0 = Release|x64
		{B58EBD01-47F4-4DA9-934D-542850484FCD}.release_static_mt|x86.ActiveCfg = Release|Win32
		{B58EBD01-47F4-4DA9-934D-542850484FCD}.release_static_mt|x86.Build.0 = Release|Win32
		{B58EBD01-47F4-4DA9-934D-542850484FCD}.Release|x64.ActiveCfg = Release|x64
		{B58EBD01-47F4-4DA9-934D-542850484FCD}.Release|x64.Build.0 = Release|x64
		{B58EBD01-47F4-4DA9-934D-542850484FCD}.Release|x86.ActiveCfg = Release|Win32
		{B58EBD01-47F4-4DA9-934D-542850484FCD}.Release|x86.Build.0 = Release|Win32
		{EE63FAB0-31DA-4F7E-AED2-C74A22011E54}.debug_shared|x64.ActiveCfg = debug_shared|x64
		{EE63FAB0-31DA-4F7E-AED2-C74A22011E54}.debug_shared|x64.Build.0 = debug_shared|x64
		{EE63FAB0-31DA-4F7E-AED2-C74A22011E54}.debug_shared|x86.ActiveCfg = debug_shared|Win32
		{EE63FAB0-31DA-4F7E-AED2-C74A22011E54}.debug_shared|x86.Build.0 = debug_shared|Win32
		{EE63FAB0-31DA-4F7E-AED2-C74A22011E54}.debug_static_md|x64.ActiveCfg = debug_shared|x64
		{EE63FAB0-31DA-4F7E-AED2-C74A22011E54}.debug_static_md|x64.Build.0 = debug_shared|x64
		{EE63FAB0-31DA-4F7E-AED2-C74A22011E54}.debug_static_md|x86.ActiveCfg = debug_shared|Win32
		{EE63FAB0-31DA-4F7E-AED2-C74A22011E54}.debug_static_md|x86.Build.0 = debug_shared|Win32
		{EE63FAB0-31DA-4F7E-AED2-C74A22011E54}.debug_static_mt|x64.ActiveCfg = debug_shared|x64
		{EE63FAB0-31DA-4F7E-AED2-C74A22011E54}.debug_static_mt|x64.Build.0 = debug_shared|x64
		{EE63FAB0-31DA-4F7E-AED2-C74A22011E54}.debug_static_mt|x86.ActiveCfg = debug_shared|Win32
		{EE63FAB0-31DA-4F7E-AED2-C74A22011E54}.debug_static_mt|x86.Build.0 = debug_shared|Win32
		{EE63FAB0-31DA-4F7E-AED2-C74A22011E54}.Debug|x64.ActiveCfg = debug_shared|x64
		{EE63FAB0-31DA-4F7E-AED2-C74A22011E54}.Debug|x64.Build.0 = debug_shared|x64
		{EE63FAB0-31DA-4F7E-AED2-C74A22011E54}.Debug|x86.ActiveCfg = debug_shared|Win32
		{EE63FAB0-31DA-4F7E-AED2-C74A22011E54}.Debug|x86.Build.0 = debug_shared|Win32
		{EE63FAB0-31DA-4F7E-AED2-C74A22011E54}.release_shared|x64.ActiveCfg = Release|x64
		{EE63FAB0-31DA-4F7E-AED2-C74A22011E54}.release_shared|x64.Build.0 = Release|x64
		{EE63FAB0-31DA-4F7E-AED2-C74A22011E54}.release_shared|x86.ActiveCfg = Release|Win32
		{EE63FAB0-31DA-4F7E-AED2-C74A22011E54}.release_shared|x86.Build.0 = Release|Win32
		{EE63FAB0-31DA-4F7E-AED2-C74A22011E54}.release_static_md|x64.ActiveCfg = Release|x64
		{EE63FAB0-31DA-4F7E-AED2-C74A22011E54}.release_static_md|x64.Build.0 = Release|x64
		{EE63FAB0-31DA-4F7E-AED2-C74A22011E54}.release_static_md|x86.ActiveCfg = Release|Win32
		{EE63FAB0-31DA-4F7E-AED2-C74A22011E54}.release_static_md|x86.Build.0 = Release|Win32
		{EE63FAB0-31DA-4F7E-AED2-C74A22011E54}.release_static_mt|x64.ActiveCfg = Release|x64
		{EE63FAB0-31DA-4F7E-AED2-C74A22011E54}.release_static_mt|x64.Build.0 = Release|x64
		{EE63FAB0-31DA-4F7E-AED2-C74A22011E54}.release_static_mt|x86.ActiveCfg = Release|Win32
		{EE63FAB0-31DA-4F7E-AED2-C74A22011E54}.release_static_mt|x86.Build.0 = Release|Win32
		{EE63FAB0-31DA-4F7E-AED2-C74A22011E54}.Release|x64.ActiveCfg = Release|x64
		{EE63FAB0-31DA-4F7E-AED2-C74A22011E54}.Release|x64.Build.0 = Release|x64
		{EE63FAB0-31DA-4F7E-AED2-C74A22011E54}.Release|x86.ActiveCfg = Release|Win32
		{EE63FAB0-31DA-4F7E-AED2-C74A22011E54}.Release|x86.Build.0 = Release|Win32
		{681D156B-9223-45F5-BE4A-B546D324306F}.debug_shared|x64.ActiveCfg = debug_shared|x64
		{681D156B-9223-45F5-BE4A-B546D324306F}.debug_shared|x64.Build.0 = debug_shared|x64
		{681D156B-9223-45F5-BE4A-B546D324306F}.debug_shared|x86.ActiveCfg = debug_shared|Win32
		{681D156B-9223-45F5-BE4A-B546D324306F}.debug_shared|x86.Build.0 = debug_shared|Win32
		{681D156B-9223-45F5-BE4A-B546D324306F}.debug_static_md|x64.ActiveCfg = debug_shared|x64
		{681D156B-9223-45F5-BE4A-B546D324306F}.debug_static_md|x64.Build.0 = debug_shared|x64
		{681D156B-9223-45F5-BE4A-B546D324306F}.debug_static_md|x86.ActiveCfg = debug_shared|Win32
		{681D156B-9223-45F5-BE4A-B546D324306F}.debug_static_md|x86.Build.0 = debug_shared|Win32
		{681D156B-9223-45F5-BE4A-B546D324306F}.debug_static_mt|x64.ActiveCfg = debug_shared|x64
		{681D156B-9223-45F5-BE4A-B546D324306F}.debug_static_mt|x64.Build.0 = debug_shared|x64
		{681D156B-9223-45F5-BE4A-B546D324306F}.debug_static_mt|x86.ActiveCfg = debug_shared|Win32
		{681D156B-9223-45F5-BE4A-B546D324306F}.debug_static_mt|x86.Build.0 = debug_shared|Win32
		{681D156B-9223-45F5-BE4A-B546D324306F}.Debug|x64.ActiveCfg = debug_shared|x64
		{681D156B-9223-45F5-BE4A-B546D324306F}.Debug|x64.Build.0 = debug_shared|x64
		{681D156B-9223-45F5-BE4A-B546D324306F}.Debug|x86.ActiveCfg = debug_shared|Win32
		{681D156B-9223-45F5-BE4A-B546D324306F}.Debug|x86.Build.0 = debug_shared|Win32
		{681D156B-9223-45F5-BE4A-B546D324306F}.release_shared|x64.ActiveCfg = Release|x64
		{681D156B-9223-45F5-BE4A-B546D324306F}.release_shared|x64.Build.0 = Release|x64
		{681D156B-9223-45F5-BE4A-B546D324306F}.release_shared|x86.ActiveCfg = Release|Win32
		{681D156B-9223-45F5-BE4A-B546D324306F}.release_shared|x86.Build.0 = Release|Win32
		{681D156B-9223-45F5-BE4A-B546D324306F}.release_static_md|x64.ActiveCfg = Release|x64
		{681D156B-9223-45F5-BE4A-B546D324306F}.release_static_md|x64.Build.0 = Release|x64
		{681D156B-9223-45F5-BE4A-B546D324306F}.release_static_md|x86.ActiveCfg = Release|Win32
		{681D156B-9223-45F5-BE4A-B546D324306F}.release_static_md|x86.Build.0 = Release|Win32
		{681D156B-9223-45F5-BE4A-B546D324306F}.release_static_mt|x64.ActiveCfg = Release|x64
		{681D156B-9223-45F5-BE4A-B546D324306F}.release_static_mt|x64.Build.0 = Release|x64
		{681D156B-9223-45F5-BE4A-B546D324306F}.release_static_mt|x86.ActiveCfg = Release|Win32
		{681D156B-9223-45F5-BE4A-B546D324306F}.release_static_mt|x86.Build.0 = Release|Win32
		{681D156B-9223-45F5-BE4A-B546D324306F}.Release|x64.ActiveCfg = Release|x64
		{681D156B-9223-45F5-BE4A-B546D324306F}.Release|x64.Build.0 = Release|x64
		{681D156B-9223-45F5-BE4A-B546D324306F}.Release|x86.ActiveCfg = Release|Win32
		{681D156B-9223-45F5-BE4A-B546D324306F}.Release|x86.Build.0 = Release|Win32
		{E446C2F0-F507-4959-ABC4-A8B76370801D}.debug_shared|x64.ActiveCfg = Release|Win32
		{E446C2F0-F507-4959-ABC4-A8B76370801D}.debug_shared|x64.Build.0 = Release|Win32
		{E446C2F0-F507-4959-ABC4-A8B76370801D}.debug_shared|x86.ActiveCfg = debug_shared|Win32
		{E446C2F0-F507-4959-ABC4-A8B76370801D}.debug_shared|x86.Build.0 = debug_shared|Win32
		{E446C2F0-F507-4959-ABC4-A8B76370801D}.debug_static_md|x64.ActiveCfg = Release|Win32
		{E446C2F0-F507-4959-ABC4-A8B76370801D}.debug_static_md|x64.Build.0 = Release|Win32
		{E446C2F0-F507-4959-ABC4-A8B76370801D}.debug_static_md|x86.ActiveCfg = debug_shared|Win32
		{E446C2F0-F507-4959-ABC4-A8B76370801D}.debug_static_md|x86.Build.0 = debug_shared|Win32
		{E446C2F0-F507-4959-ABC4-A8B76370801D}.debug_static_mt|x64.ActiveCfg = Release|Win32
		{E446C2F0-F507-4959-ABC4-A8B76370801D}.debug_static_mt|x64.Build.0 = Release|Win32
		{E446C2F0-F507-4959-ABC4-A8B76370801D}.debug_static_mt|x86.ActiveCfg = debug_shared|Win32
		{E446C2F0-F507-4959-ABC4-A8B76370801D}.debug_static_mt|x86.Build.0 = debug_shared|Win32
		{E446C2F0-F507-4959-ABC4-A8B76370801D}.Debug|x64.ActiveCfg = debug_shared|Win32
		{E446C2F0-F507-4959-ABC4-A8B76370801D}.Debug|x64.Build.0 = debug_shared|Win32
		{E446C2F0-F507-4959-ABC4-A8B76370801D}.Debug|x86.ActiveCfg = debug_shared|Win32
		{E446C2F0-F507-4959-ABC4-A8B76370801D}.Debug|x86.Build.0 = debug_shared|Win32
		{E446C2F0-F507-4959-ABC4-A8B76370801D}.release_shared|x64.ActiveCfg = Release|Win32
		{E446C2F0-F507-4959-ABC4-A8B76370801D}.release_shared|x64.Build.0 = Release|Win32
		{E446C2F0-F507-4959-ABC4-A8B76370801D}.release_shared|x86.ActiveCfg = Release|Win32
		{E446C2F0-F507-4959-ABC4-A8B76370801D}.release_shared|x86.Build.0 = Release|Win32
		{E446C2F0-F507-4959-ABC4-A8B76370801D}.release_static_md|x64.ActiveCfg = Release|Win32
		{E446C2F0-F507-4959-ABC4-A8B76370801D}.release_static_md|x64.Build.0 = Release|Win32
		{E446C2F0-F507-4959-ABC4-A8B76370801D}.release_static_md|x86.ActiveCfg = Release|Win32
		{E446C2F0-F507-4959-ABC4-A8B76370801D}.release_static_md|x86.Build.0 = Release|Win32
		{E446C2F0-F507-4959-ABC4-A8B76370801D}.release_static_mt|x64.ActiveCfg = Release|Win32
		{E446C2F0-F507-4959-ABC4-A8B76370801D}.release_static_mt|x64.Build.0 = Release|Win32
		{E446C2F0-F507-4959-ABC4-A8B76370801D}.release_static_mt|x86.ActiveCfg = Release|Win32
		{E446C2F0-F507-4959-ABC4-A8B76370801D}.release_static_mt|x86.Build.0 = Release|Win32
		{E446C2F0-F507-4959-ABC4-A8B76370801D}.Release|x64.ActiveCfg = Release|Win32
		{E446C2F0-F507-4959-ABC4-A8B76370801D}.Release|x86.ActiveCfg = Release|Win32
		{E446C2F0-F507-4959-ABC4-A8B76370801D}.Release|x86.Build.0 = Release|Win32
		{F4EC34E2-B847-4A95-9F10-837256C3D393}.debug_shared|x64.ActiveCfg = debug_shared|x64
		{F4EC34E2-B847-4A95-9F10-837256C3D393}.debug_shared|x64.Build.0 = debug_shared|x64
		{F4EC34E2-B847-4A95-9F10-837256C3D393}.debug_shared|x86.ActiveCfg = debug_shared|Win32
		{F4EC34E2-B847-4A95-9F10-837256C3D393}.debug_shared|x86.Build.0 = debug_shared|Win32
		{F4EC34E2-B847-4A95-9F10-837256C3D393}.debug_static_md|x64.ActiveCfg = debug_shared|x64
		{F4EC34E2-B847-4A95-9F10-837256C3D393}.debug_static_md|x64.Build.0 = debug_shared|x64
		{F4EC34E2-B847-4A95-9F10-837256C3D393}.debug_static_md|x86.ActiveCfg = debug_shared|Win32
		{F4EC34E2-B847-4A95-9F10-837256C3D393}.debug_static_md|x86.Build.0 = debug_shared|Win32
		{F4EC34E2-B847-4A95-9F10-837256C3D393}.debug_static_mt|x64.ActiveCfg = debug_shared|x64
		{F4EC34E2-B847-4A95-9F10-837256C3D393}.debug_static_mt|x64.Build.0 = debug_shared|x64
		{F4EC34E2-B847-4A95-9F10-837256C3D393}.debug_static_mt|x86.ActiveCfg = debug_shared|Win32
		{F4EC34E2-B847-4A95-9F10-837256C3D393}.debug_static_mt|x86.Build.0 = debug_shared|Win32
		{F4EC34E2-B847-4A95-9F10-837256C3D393}.Debug|x64.ActiveCfg = debug_shared|x64
		{F4EC34E2-B847-4A95-9F10-837256C3D393}.Debug|x64.Build.0 = debug_shared|x64
		{F4EC34E2-B847-4A95-9F10-837256C3D393}.Debug|x86.ActiveCfg = debug_shared|Win32
		{F4EC34E2-B847-4A95-9F10-837256C3D393}.Debug|x86.Build.0 = debug_shared|Win32
		{F4EC34E2-B847-4A95-9F10-837256C3D393}.release_shared|x64.ActiveCfg = Release|x64
		{F4EC34E2-B847-4A95-9F10-837256C3D393}.release_shared|x64.Build.0 = Release|x64
		{F4EC34E2-B847-4A95-9F10-837256C3D393}.release_shared|x86.ActiveCfg = Release|Win32
		{F4EC34E2-B847-4A95-9F10-837256C3D393}.release_shared|x86.Build.0 = Release|Win32
		{F4EC34E2-B847-4A95-9F10-837256C3D393}.release_static_md|x64.ActiveCfg = Release|x64
		{F4EC34E2-B847-4A95-9F10-837256C3D393}.release_static_md|x64.Build.0 = Release|x64
		{F4EC34E2-B847-4A95-9F10-837256C3D393}.release_static_md|x86.ActiveCfg = Release|Win32
		{F4EC34E2-B847-4A95-9F10-837256C3D393}.release_static_md|x86.Build.0 = Release|Win32
		{F4EC34E2-B847-4A95-9F10-837256C3D393}.release_static_mt|x64.ActiveCfg = Release|x64
		{F4EC34E2-B847-4A95-9F10-837256C3D393}.release_static_mt|x64.Build.0 = Release|x64
		{F4EC34E2-B847-4A95-9F10-837256C3D393}.release_static_mt|x86.ActiveCfg = Release|Win32
		{F4EC34E2-B847-4A95-9F10-837256C3D393}.release_static_mt|x86.Build.0 = Release|Win32
		{F4EC34E2-B847-4A95-9F10-837256C3D393}.Release|x64.ActiveCfg = Release|x64
		{F4EC34E2-B847-4A95-9F10-837256C3D393}.Release|x64.Build.0 = Release|x64
		{F4EC34E2-B847-4A95-9F10-837256C3D393}.Release|x86.ActiveCfg = Release|Win32
		{F4EC34E2-B847-4A95-9F10-837256C3D393}.Release|x86.Build.0 = Release|Win32
		{F442AAF8-5529-489C-9612-D274D6648AB5}.debug_shared|x64.ActiveCfg = debug_shared|x64
		{F442AAF8-5529-489C-9612-D274D6648AB5}.debug_shared|x64.Build.0 = debug_shared|x64
		{F442AAF8-5529-489C-9612-D274D6648AB5}.debug_shared|x86.ActiveCfg = debug_shared|Win32
		{F442AAF8-5529-489C-9612-D274D6648AB5}.debug_shared|x86.Build.0 = debug_shared|Win32
		{F442AAF8-5529-489C-9612-D274D6648AB5}.debug_static_md|x64.ActiveCfg = debug_shared|x64
		{F442AAF8-5529-489C-9612-D274D6648AB5}.debug_static_md|x64.Build.0 = debug_shared|x64
		{F442AAF8-5529-489C-9612-D274D6648AB5}.debug_static_md|x86.ActiveCfg = debug_shared|Win32
		{F442AAF8-5529-489C-9612-D274D6648AB5}.debug_static_md|x86.Build.0 = debug_shared|Win32
		{F442AAF8-5529-489C-9612-D274D6648AB5}.debug_static_mt|x64.ActiveCfg = debug_shared|x64
		{F442AAF8-5529-489C-9612-D274D6648AB5}.debug_static_mt|x64.Build.0 = debug_shared|x64
		{F442AAF8-5529-489C-9612-D274D6648AB5}.debug_static_mt|x86.ActiveCfg = debug_shared|Win32
		{F442AAF8-5529-489C-9612-D274D6648AB5}.debug_static_mt|x86.Build.0 = debug_shared|Win32
		{F442AAF8-5529-489C-9612-D274D6648AB5}.Debug|x64.ActiveCfg = debug_shared|x64
		{F442AAF8-5529-489C-9612-D274D6648AB5}.Debug|x64.Build.0 = debug_shared|x64
		{F442AAF8-5529-489C-9612-D274D6648AB5}.Debug|x86.ActiveCfg = debug_shared|Win32
		{F442AAF8-5529-489C-9612-D274D6648AB5}.Debug|x86.Build.0 = debug_shared|Win32
		{F442AAF8-5529-489C-9612-D274D6648AB5}.release_shared|x64.ActiveCfg = Release|x64
		{F442AAF8-5529-489C-9612-D274D6648AB5}.release_shared|x64.Build.0 = Release|x64
		{F442AAF8-5529-489C-9612-D274D6648AB5}.release_shared|x86.ActiveCfg = Release|Win32
		{F442AAF8-5529-489C-9612-D274D6648AB5}.release_shared|x86.Build.0 = Release|Win32
		{F442AAF8-5529-489C-9612-D274D6648AB5}.release_static_md|x64.ActiveCfg = Release|x64
		{F442AAF8-5529-489C-9612-D274D6648AB5}.release_static_md|x64.Build.0 = Release|x64
		{F442AAF8-5529-489C-9612-D274D6648AB5}.release_static_md|x86.ActiveCfg = Release|Win32
		{F442AAF8-5529-489C-9612-D274D6648AB5}.release_static_md|x86.Build.0 = Release|Win32
		{F442AAF8-5529-489C-9612-D274D6648AB5}.release_static_mt|x64.ActiveCfg = Release|x64
		{F442AAF8-5529-489C-9612-D274D6648AB5}.release_static_mt|x64.Build.0 = Release|x64
		{F442AAF8-5529-489C-9612-D274D6648AB5}.release_static_mt|x86.ActiveCfg = Release|Win32
		{F442AAF8-5529-489C-9612-D274D6648AB5}.release_static_mt|x86.Build.0 = Release|Win32
		{F442AAF8-5529-489C-9612-D274D6648AB5}.Release|x64.ActiveCfg = Release|x64
		{F442AAF8-5529-489C-9612-D274D6648AB5}.Release|x64.Build.0 = Release|x64
		{F442AAF8-5529-489C-9612-D274D6648AB5}.Release|x86.ActiveCfg = Release|Win32
		{F442AAF8-5529-489C-9612-D274D6648AB5}.Release|x86.Build.0 = Release|Win32
		{9C8439F9-AB2E-42A8-9605-F7822EB1A7E5}.debug_shared|x64.ActiveCfg = debug_shared|x64
		{9C8439F9-AB2E-42A8-9605-F7822EB1A7E5}.debug_shared|x64.Build.0 = debug_shared|x64
		{9C8439F9-AB2E-42A8-9605-F7822EB1A7E5}.debug_shared|x86.ActiveCfg = debug_shared|Win32
		{9C8439F9-AB2E-42A8-9605-F7822EB1A7E5}.debug_shared|x86.Build.0 = debug_shared|Win32
		{9C8439F9-AB2E-42A8-9605-F7822EB1A7E5}.debug_static_md|x64.ActiveCfg = debug_shared|x64
		{9C8439F9-AB2E-42A8-9605-F7822EB1A7E5}.debug_static_md|x64.Build.0 = debug_shared|x64
		{9C8439F9-AB2E-42A8-9605-F7822EB1A7E5}.debug_static_md|x86.ActiveCfg = debug_shared|Win32
		{9C8439F9-AB2E-42A8-9605-F7822EB1A7E5}.debug_static_md|x86.Build.0 = debug_shared|Win32
		{9C8439F9-AB2E-42A8-9605-F7822EB1A7E5}.debug_static_mt|x64.ActiveCfg = debug_shared|x64
		{9C8439F9-AB2E-42A8-9605-F7822EB1A7E5}.debug_static_mt|x64.Build.0 = debug_shared|x64
		{9C8439F9-AB2E-42A8-9605-F7822EB1A7E5}.debug_static_mt|x86.ActiveCfg = debug_shared|Win32
		{9C8439F9-AB2E-42A8-9605-F7822EB1A7E5}.debug_static_mt|x86.Build.0 = debug_shared|Win32
		{9C8439F9-AB2E-42A8-9605-F7822EB1A7E5}.Debug|x64.ActiveCfg = debug_shared|x64
		{9C8439F9-AB2E-42A8-9605-F7822EB1A7E5}.Debug|x64.Build.0 = debug_shared|x64
		{9C8439F9-AB2E-42A8-9605-F7822EB1A7E5}.Debug|x86.ActiveCfg = debug_shared|Win32
		{9C8439F9-AB2E-42A8-9605-F7822EB1A7E5}.Debug|x86.Build.0 = debug_shared|Win32
		{9C8439F9-AB2E-42A8-9605-F7822EB1A7E5}.release_shared|x64.ActiveCfg = Release|x64
		{9C8439F9-AB2E-42A8-9605-F7822EB1A7E5}.release_shared|x64.Build.0 = Release|x64
		{9C8439F9-AB2E-42A8-9605-F7822EB1A7E5}.release_shared|x86.ActiveCfg = Release|Win32
		{9C8439F9-AB2E-42A8-9605-F7822EB1A7E5}.release_shared|x86.Build.0 = Release|Win32
		{9C8439F9-AB2E-42A8-9605-F7822EB1A7E5}.release_static_md|x64.ActiveCfg = Release|x64
		{9C8439F9-AB2E-42A8-9605-F7822EB1A7E5}.release_static_md|x64.Build.0 = Release|x64
		{9C8439F9-AB2E-42A8-9605-F7822EB1A7E5}.release_static_md|x86.ActiveCfg = Release|Win32
		{9C8439F9-AB2E-42A8-9605-F7822EB1A7E5}.release_static_md|x86.Build.0 = Release|Win32
		{9C8439F9-AB2E-42A8-9605-F7822EB1A7E5}.release_static_mt|x64.ActiveCfg = Release|x64
		{9C8439F9-AB2E-42A8-9605-F7822EB1A7E5}.release_static_mt|x64.Build.0 = Release|x64
		{9C8439F9-AB2E-42A8-9605-F7822EB1A7E5}.release_static_mt|x86.ActiveCfg = Release|Win32
		{9C8439F9-AB2E-42A8-9605-F7822EB1A7E5}.release_static_mt|x86.Build.0 = Release|Win32
		{9C8439F9-AB2E-42A8-9605-F7822EB1A7E5}.Release|x64.ActiveCfg = Release|x64
		{9C8439F9-AB2E-42A8-9605-F7822EB1A7E5}.Release|x64.Build.0 = Release|x64
		{9C8439F9-AB2E-42A8-9605-F7822EB1A7E5}.Release|x86.ActiveCfg = Release|Win32
		{9C8439F9-AB2E-42A8-9605-F7822EB1A7E5}.Release|x86.Build.0 = Release|Win32
		{CAC35F9A-8A94-4269-B718-D86F8E741132}.debug_shared|x64.ActiveCfg = debug_shared|x64
		{CAC35F9A-8A94-4269-B718-D86F8E741132}.debug_shared|x64.Build.0 = debug_shared|x64
		{CAC35F9A-8A94-4269-B718-D86F8E741132}.debug_shared|x86.ActiveCfg = debug_shared|Win32
		{CAC35F9A-8A94-4269-B718-D86F8E741132}.debug_shared|x86.Build.0 = debug_shared|Win32
		{CAC35F9A-8A94-4269-B718-D86F8E741132}.debug_static_md|x64.ActiveCfg = debug_shared|x64
		{CAC35F9A-8A94-4269-B718-D86F8E741132}.debug_static_md|x64.Build.0 = debug_shared|x64
		{CAC35F9A-8A94-4269-B718-D86F8E741132}.debug_static_md|x86.ActiveCfg = debug_shared|Win32
		{CAC35F9A-8A94-4269-B718-D86F8E741132}.debug_static_md|x86.Build.0 = debug_shared|Win32
		{CAC35F9A-8A94-4269-B718-D86F8E741132}.debug_static_mt|x64.ActiveCfg = debug_shared|x64
		{CAC35F9A-8A94-4269-B718-D86F8E741132}.debug_static_mt|x64.Build.0 = debug_shared|x64
		{CAC35F9A-8A94-4269-B718-D86F8E741132}.debug_static_mt|x86.ActiveCfg = debug_shared|Win32
		{CAC35F9A-8A94-4269-B718-D86F8E741132}.debug_static_mt|x86.Build.0 = debug_shared|Win32
		{CAC35F9A-8A94-4269-B718-D86F8E741132}.Debug|x64.ActiveCfg = debug_shared|x64
		{CAC35F9A-8A94-4269-B718-D86F8E741132}.Debug|x64.Build.0 = debug_shared|x64
		{CAC35F9A-8A94-4269-B718-D86F8E741132}.Debug|x86.ActiveCfg = debug_shared|Win32
		{CAC35F9A-8A94-4269-B718-D86F8E741132}.Debug|x86.Build.0 = debug_shared|Win32
		{CAC35F9A-8A94-4269-B718-D86F8E741132}.release_shared|x64.ActiveCfg = Release|x64
		{CAC35F9A-8A94-4269-B718-D86F8E741132}.release_shared|x64.Build.0 = Release|x64
		{CAC35F9A-8A94-4269-B718-D86F8E741132}.release_shared|x86.ActiveCfg = Release|Win32
		{CAC35F9A-8A94-4269-B718-D86F8E741132}.release_shared|x86.Build.0 = Release|Win32
		{CAC35F9A-8A94-4269-B718-D86F8E741132}.release_static_md|x64.ActiveCfg = Release|x64
		{CAC35F9A-8A94-4269-B718-D86F8E741132}.release_static_md|x64.Build.0 = Release|x64
		{CAC35F9A-8A94-4269-B718-D86F8E741132}.release_static_md|x86.ActiveCfg = Release|Win32
		{CAC35F9A-8A94-4269-B718-D86F8E741132}.release_static_md|x86.Build.0 = Release|Win32
		{CAC35F9A-8A94-4269-B718-D86F8E741132}.release_static_mt|x64.ActiveCfg = Release|x64
		{CAC35F9A-8A94-4269-B718-D86F8E741132}.release_static_mt|x64.Build.0 = Release|x64
		{CAC35F9A-8A94-4269-B718-D86F8E741132}.release_static_mt|x86.ActiveCfg = Release|Win32
		{CAC35F9A-8A94-4269-B718-D86F8E741132}.release_static_mt|x86.Build.0 = Release|Win32
		{CAC35F9A-8A94-4269-B718-D86F8E741132}.Release|x64.ActiveCfg = Release|x64
		{CAC35F9A-8A94-4269-B718-D86F8E741132}.Release|x64.Build.0 = Release|x64
		{CAC35F9A-8A94-4269-B718-D86F8E741132}.Release|x86.ActiveCfg = Release|Win32
		{CAC35F9A-8A94-4269-B718-D86F8E741132}.Release|x86.Build.0 = Release|Win32
	EndGlobalSection
	GlobalSection(SolutionProperties) = preSolution
		HideSolutionNode = FALSE
	EndGlobalSection
	GlobalSection(NestedProjects) = preSolution
		{B01196CC-B693-4548-8464-2FF60499E73F} = {D29E4CAB-0FD5-4B4D-B5FC-05C0C9E0E532}
		{2038DBAD-013F-40D8-8BFA-66A47E5799E8} = {01D0CC05-7EED-4BAE-B5AD-A6A0EFF2A9AB}
		{B057A1FE-09F7-465E-B8B5-E1B659051D76} = {D29E4CAB-0FD5-4B4D-B5FC-05C0C9E0E532}
		{6FF56CDB-787A-4714-A28C-919003F9FA6C} = {D29E4CAB-0FD5-4B4D-B5FC-05C0C9E0E532}
		{9E211743-85FE-4977-82F3-4F04B40C912D} = {D29E4CAB-0FD5-4B4D-B5FC-05C0C9E0E532}
		{0E7FE914-0690-3EB4-9119-93A97CC97741} = {D29E4CAB-0FD5-4B4D-B5FC-05C0C9E0E532}
		{240E83C3-368D-11DB-9FBC-00123FC423B5} = {D29E4CAB-0FD5-4B4D-B5FC-05C0C9E0E532}
		{73E19FDE-1570-488C-B3DB-72A60FADD408} = {D29E4CAB-0FD5-4B4D-B5FC-05C0C9E0E532}
		{138BB448-808A-4FE5-A66D-78D1F8770F59} = {D29E4CAB-0FD5-4B4D-B5FC-05C0C9E0E532}
		{B58EBD01-47F4-4DA9-934D-542850484FCD} = {851960CC-C93E-4F8B-831F-B669A22945EF}
		{EE63FAB0-31DA-4F7E-AED2-C74A22011E54} = {3C1B50AC-75DA-4BFC-8330-1D48D5850A4B}
		{681D156B-9223-45F5-BE4A-B546D324306F} = {3C1B50AC-75DA-4BFC-8330-1D48D5850A4B}
		{E446C2F0-F507-4959-ABC4-A8B76370801D} = {3C1B50AC-75DA-4BFC-8330-1D48D5850A4B}
		{F4EC34E2-B847-4A95-9F10-837256C3D393} = {A3C5CE52-5382-47AB-B23B-02165BDD4150}
		{F442AAF8-5529-489C-9612-D274D6648AB5} = {A3C5CE52-5382-47AB-B23B-02165BDD4150}
		{9C8439F9-AB2E-42A8-9605-F7822EB1A7E5} = {A3C5CE52-5382-47AB-B23B-02165BDD4150}
		{CAC35F9A-8A94-4269-B718-D86F8E741132} = {A3C5CE52-5382-47AB-B23B-02165BDD4150}
	EndGlobalSection
	GlobalSection(ExtensibilityGlobals) = postSolution
		SolutionGuid = {F50CF0DD-34CA-4B4F-A43A-94EE0C9CF679}
	EndGlobalSection
EndGlobal
